
Microsoft Visual Studio Solution File, Format Version 11.00
# Visual Studio 2010
Project("{FAE04EC0-301F-11D3-BF4B-00C04F79EFBC}") = "SimpleOnlineStore", "SimpleOnlineStore\SimpleOnlineStore.csproj", "{164A71DE-3149-48AB-9E71-4CA922B42998}"
EndProject
Project("{2150E333-8FDC-42A3-9474-1A3956D46DE8}") = "Solution Items", "Solution Items", "{F59579A5-CF80-45A2-9A60-36E87884E534}"
	ProjectSection(SolutionItems) = preProject
		..\data.txt = ..\data.txt
		..\DDL.SQL = ..\DDL.SQL
	EndProjectSection
EndProject
Global
	GlobalSection(SolutionConfigurationPlatforms) = preSolution
		Debug|Any CPU = Debug|Any CPU
		Release|Any CPU = Release|Any CPU
	EndGlobalSection
	GlobalSection(ProjectConfigurationPlatforms) = postSolution
		{164A71DE-3149-48AB-9E71-4CA922B42998}.Debug|Any CPU.ActiveCfg = Debug|Any CPU
		{164A71DE-3149-48AB-9E71-4CA922B42998}.Debug|Any CPU.Build.0 = Debug|Any CPU
		{164A71DE-3149-48AB-9E71-4CA922B42998}.Release|Any CPU.ActiveCfg = Release|Any CPU
		{164A71DE-3149-48AB-9E71-4CA922B42998}.Release|Any CPU.Build.0 = Release|Any CPU
	EndGlobalSection
	GlobalSection(SolutionProperties) = preSolution
		HideSolutionNode = FALSE
	EndGlobalSection
EndGlobal
